
Microsoft Visual Studio Solution File, Format Version 12.00
# Visual Studio 15
VisualStudioVersion = 15.0.27703.2026
MinimumVisualStudioVersion = 10.0.40219.1
Project("{9A19103F-16F7-4668-BE54-9A1E7A4F7556}") = "TaskApp.Web", "TaskApp.Web\TaskApp.Web.csproj", "{95CF7931-73BC-416B-BF18-DA6D02EF63E3}"
EndProject
Project("{2150E333-8FDC-42A3-9474-1A3956D46DE8}") = "Web", "Web", "{F7B317E9-5E8E-45AF-9330-ED6B84E93809}"
EndProject
Project("{2150E333-8FDC-42A3-9474-1A3956D46DE8}") = "DAL", "DAL", "{B7C79729-83CA-4905-B916-C3866CD58872}"
EndProject
Project("{2150E333-8FDC-42A3-9474-1A3956D46DE8}") = "Core", "Core", "{88971B0B-8F40-46B5-8D90-8C3FC5E88415}"
EndProject
Project("{9A19103F-16F7-4668-BE54-9A1E7A4F7556}") = "TaskApp.Core", "TaskApp.Core\TaskApp.Core.csproj", "{635FC02E-9502-45ED-B873-43207B7DAC32}"
EndProject
Project("{9A19103F-16F7-4668-BE54-9A1E7A4F7556}") = "TaskApp.DAL", "TaskApp.DAL\TaskApp.DAL.csproj", "{12C12E79-7C6A-412C-B56D-946EE65172B3}"
EndProject
Project("{9A19103F-16F7-4668-BE54-9A1E7A4F7556}") = "TaskApp.Models", "TaskApp.Models\TaskApp.Models.csproj", "{13B17D7C-4496-40F6-B035-AB3096E2C2EE}"
EndProject
Project("{9A19103F-16F7-4668-BE54-9A1E7A4F7556}") = "TaskApp.Core.DTOs", "TaskApp.Core.DTOs\TaskApp.Core.DTOs.csproj", "{B53561CF-122B-44B0-B03D-E481D5EF200D}"
EndProject
Project("{9A19103F-16F7-4668-BE54-9A1E7A4F7556}") = "TaskApp.Core.Mapper", "TaskApp.Core.Mapper\TaskApp.Core.Mapper.csproj", "{D88738AA-696E-45E4-9193-81E6B1B18F4C}"
EndProject
Project("{2150E333-8FDC-42A3-9474-1A3956D46DE8}") = "Tests", "Tests", "{FC6C2F24-CD1A-48E6-96F6-AFA6CBB6AC60}"
EndProject
Project("{FAE04EC0-301F-11D3-BF4B-00C04F79EFBC}") = "TaskApp.Tests", "TaskApp.Tests\TaskApp.Tests.csproj", "{9F109398-019E-4F15-8290-3483BD680716}"
EndProject
Global
	GlobalSection(SolutionConfigurationPlatforms) = preSolution
		Debug|Any CPU = Debug|Any CPU
		Release|Any CPU = Release|Any CPU
	EndGlobalSection
	GlobalSection(ProjectConfigurationPlatforms) = postSolution
		{95CF7931-73BC-416B-BF18-DA6D02EF63E3}.Debug|Any CPU.ActiveCfg = Debug|Any CPU
		{95CF7931-73BC-416B-BF18-DA6D02EF63E3}.Debug|Any CPU.Build.0 = Debug|Any CPU
		{95CF7931-73BC-416B-BF18-DA6D02EF63E3}.Release|Any CPU.ActiveCfg = Release|Any CPU
		{95CF7931-73BC-416B-BF18-DA6D02EF63E3}.Release|Any CPU.Build.0 = Release|Any CPU
		{635FC02E-9502-45ED-B873-43207B7DAC32}.Debug|Any CPU.ActiveCfg = Debug|Any CPU
		{635FC02E-9502-45ED-B873-43207B7DAC32}.Debug|Any CPU.Build.0 = Debug|Any CPU
		{635FC02E-9502-45ED-B873-43207B7DAC32}.Release|Any CPU.ActiveCfg = Release|Any CPU
		{635FC02E-9502-45ED-B873-43207B7DAC32}.Release|Any CPU.Build.0 = Release|Any CPU
		{12C12E79-7C6A-412C-B56D-946EE65172B3}.Debug|Any CPU.ActiveCfg = Debug|Any CPU
		{12C12E79-7C6A-412C-B56D-946EE65172B3}.Debug|Any CPU.Build.0 = Debug|Any CPU
		{12C12E79-7C6A-412C-B56D-946EE65172B3}.Release|Any CPU.ActiveCfg = Release|Any CPU
		{12C12E79-7C6A-412C-B56D-946EE65172B3}.Release|Any CPU.Build.0 = Release|Any CPU
		{13B17D7C-4496-40F6-B035-AB3096E2C2EE}.Debug|Any CPU.ActiveCfg = Debug|Any CPU
		{13B17D7C-4496-40F6-B035-AB3096E2C2EE}.Debug|Any CPU.Build.0 = Debug|Any CPU
		{13B17D7C-4496-40F6-B035-AB3096E2C2EE}.Release|Any CPU.ActiveCfg = Release|Any CPU
		{13B17D7C-4496-40F6-B035-AB3096E2C2EE}.Release|Any CPU.Build.0 = Release|Any CPU
		{B53561CF-122B-44B0-B03D-E481D5EF200D}.Debug|Any CPU.ActiveCfg = Debug|Any CPU
		{B53561CF-122B-44B0-B03D-E481D5EF200D}.Debug|Any CPU.Build.0 = Debug|Any CPU
		{B53561CF-122B-44B0-B03D-E481D5EF200D}.Release|Any CPU.ActiveCfg = Release|Any CPU
		{B53561CF-122B-44B0-B03D-E481D5EF200D}.Release|Any CPU.Build.0 = Release|Any CPU
		{D88738AA-696E-45E4-9193-81E6B1B18F4C}.Debug|Any CPU.ActiveCfg = Debug|Any CPU
		{D88738AA-696E-45E4-9193-81E6B1B18F4C}.Debug|Any CPU.Build.0 = Debug|Any CPU
		{D88738AA-696E-45E4-9193-81E6B1B18F4C}.Release|Any CPU.ActiveCfg = Release|Any CPU
		{D88738AA-696E-45E4-9193-81E6B1B18F4C}.Release|Any CPU.Build.0 = Release|Any CPU
		{9F109398-019E-4F15-8290-3483BD680716}.Debug|Any CPU.ActiveCfg = Debug|Any CPU
		{9F109398-019E-4F15-8290-3483BD680716}.Debug|Any CPU.Build.0 = Debug|Any CPU
		{9F109398-019E-4F15-8290-3483BD680716}.Release|Any CPU.ActiveCfg = Release|Any CPU
		{9F109398-019E-4F15-8290-3483BD680716}.Release|Any CPU.Build.0 = Release|Any CPU
	EndGlobalSection
	GlobalSection(SolutionProperties) = preSolution
		HideSolutionNode = FALSE
	EndGlobalSection
	GlobalSection(NestedProjects) = preSolution
		{95CF7931-73BC-416B-BF18-DA6D02EF63E3} = {F7B317E9-5E8E-45AF-9330-ED6B84E93809}
		{635FC02E-9502-45ED-B873-43207B7DAC32} = {88971B0B-8F40-46B5-8D90-8C3FC5E88415}
		{12C12E79-7C6A-412C-B56D-946EE65172B3} = {B7C79729-83CA-4905-B916-C3866CD58872}
		{13B17D7C-4496-40F6-B035-AB3096E2C2EE} = {B7C79729-83CA-4905-B916-C3866CD58872}
		{B53561CF-122B-44B0-B03D-E481D5EF200D} = {88971B0B-8F40-46B5-8D90-8C3FC5E88415}
		{D88738AA-696E-45E4-9193-81E6B1B18F4C} = {88971B0B-8F40-46B5-8D90-8C3FC5E88415}
		{9F109398-019E-4F15-8290-3483BD680716} = {FC6C2F24-CD1A-48E6-96F6-AFA6CBB6AC60}
	EndGlobalSection
	GlobalSection(ExtensibilityGlobals) = postSolution
		SolutionGuid = {9FA8BB04-76F1-43D8-A816-2E9EA968B580}
	EndGlobalSection
EndGlobal
